{
  "name": "ag-grid-figma-local-variables-to-theme-v2",
  "lockfileVersion": 3,
  "requires": true,
  "packages": {
    "": {
      "name": "ag-grid-figma-local-variables-to-theme-v2",
      "license": "MIT",
      "devDependencies": {
        "ag-grid-community": "^33.0.0"
      },
      "engines": {
        "node": ">=18"
      }
    },
    "node_modules/ag-charts-types": {
      "version": "11.3.2",
      "resolved": "https://registry.npmjs.org/ag-charts-types/-/ag-charts-types-11.3.2.tgz",
      "integrity": "sha512-trPGqgGYiTeLgtf9nLuztDYOPOFOLbqHn1g2D99phf7QowcwdX0TPx0wfWG8Hm90LjB8IH+G2s3AZe2vrdAtMQ==",
      "dev": true,
      "license": "MIT"
    },
    "node_modules/ag-grid-community": {
      "version": "33.3.2",
      "resolved": "https://registry.npmjs.org/ag-grid-community/-/ag-grid-community-33.3.2.tgz",
      "integrity": "sha512-9bx0e/+ykOyLvUxHqmdy0cRVANH6JAtv0yZdnBZEXYYqBAwN+G5a4NY+2I1KvoOCYzbk8SnStG7y4hCdVAAWOQ==",
      "dev": true,
      "license": "MIT",
      "dependencies": {
        "ag-charts-types": "11.3.2"
      }
    }
  }
}
